{
  "name": "manifest-export",
  "version": "2.3.1",
  "lockfileVersion": 3,
  "requires": true,
  "packages": {
    "": {
      "name": "manifest-export",
      "version": "2.3.1",
      "dependencies": {
        "minimist": "1.2.5"
      },
      "bin": {
        "manifest-export": "bin/manifest-export.js"
      },
      "engines": {
        "node": "16.x"
      }
    },
    "node_modules/minimist": {
      "version": "1.2.5",
      "resolved": "https://registry.npmjs.org/minimist/-/minimist-1.2.5.tgz",
      "integrity": "sha512-FM9nNUYrRBAELZQT3xeZQ7fmMOBg6nWNmJKTcgsJeaLstP/UODVpGsr5OhXhhXg6f+qtJ8uiZ+PUxkDWcgIXLw==",
      "license": "MIT"
    }
  }
}
