{
  "version": 2,
  "dependencies": {
    "net6.0": {
      "CsvHelper": {
        "type": "Direct",
        "requested": "[12.1.2, )",
        "resolved": "12.1.2",
        "contentHash": "SpMsKw74xuAMsYZ+tSQsHF9UYlZm6E+LBSwDPukGCy1dYLVJwM6ZR7gFhKWDMh7OR/1ba8t4UV/RraMJKx+mog==",
        "dependencies": {
          "Microsoft.CSharp": "4.4.0",
          "System.Reflection.TypeExtensions": "4.4.0"
        }
      },
      "iTextSharp.LGPLv2.Core": {
        "type": "Direct",
        "requested": "[3.8.6, )",
        "resolved": "3.8.6",
        "contentHash": "NjSO7cczDX27nQHCcTCeHgiiCUQIPo33t8AtRf7qB233l9Sxm/JMrs3grunAJVv3YR0a4Z49Kn4VGAgYhWllfw==",
        "dependencies": {
          "BouncyCastle.Cryptography": "2.7.0",
          "SkiaSharp": "4.152.0"
        }
      },
      "SharpZipLib": {
        "type": "Direct",
        "requested": "[1.3.2, )",
        "resolved": "1.3.2",
        "contentHash": "WSdeDReL8eugMCw5BH/tFAZpgR+YsYMwm6kIvqg3J8LbfRjbbebmEzn63AbEveqyMOljBO68g6tCCv165wMkSg=="
      },
      "BouncyCastle.Cryptography": {
        "type": "Transitive",
        "resolved": "2.7.0",
        "contentHash": "U+12df8UEWHgBi04YVf/Lgi2dy3SItlIYvHjjEVa/BngCQIzDCDRBk50DDByCfDvSbe5pRNFr3b7UrVK2kMcLw=="
      },
      "Microsoft.CSharp": {
        "type": "Transitive",
        "resolved": "4.4.0",
        "contentHash": "vvVR/B08YVghQ4jHEloxqw2ZWzEGE1AOA5E0DioUM3ujbXz6FD3AfB/0Jl2ohJPd0nXYGwmPe1En6HTsSriq1A=="
      },
      "SkiaSharp": {
        "type": "Transitive",
        "resolved": "4.152.0",
        "contentHash": "TfYpxUV/Ihe5WyGeddJROZA2RhfGaSEKKNDHhREUVCVihtTlcavHQEi29Q0Mtn37AYXAf7EbC+StVPmWk63tkQ==",
        "dependencies": {
          "SkiaSharp.NativeAssets.Win32": "4.152.0",
          "SkiaSharp.NativeAssets.macOS": "4.152.0"
        }
      },
      "SkiaSharp.NativeAssets.macOS": {
        "type": "Transitive",
        "resolved": "4.152.0",
        "contentHash": "Vjx2sPleQDJXQjINxMzHaIU1KFyYAUerfBnwLAjMGSUCf0vCrSU2Y4LvCH0yAheeuu0YdlVfeSMiCKZYVJ12kA=="
      },
      "SkiaSharp.NativeAssets.Win32": {
        "type": "Transitive",
        "resolved": "4.152.0",
        "contentHash": "PfyLS6TRP/9YghtW97le8bkzootCietlt7QUqFKGjGcZ6eRjeWNNHCjvxO41O/LYpV4gCthp2xiiUiYTOqfVyA=="
      },
      "System.Reflection.TypeExtensions": {
        "type": "Transitive",
        "resolved": "4.4.0",
        "contentHash": "dkmh/ySlwnXJp/1qYP9uyKkCK1CXR/REFzl7abHcArxBcV91mY2CgrrzSRA5Z/X4MevJWwXsklGRdR3A7K9zbg=="
      }
    }
  }
}